
Microsoft Visual Studio Solution File, Format Version 12.00
# Visual Studio Version 17
VisualStudioVersion = 17.13.35931.197
MinimumVisualStudioVersion = 10.0.40219.1
Project("{FAE04EC0-301F-11D3-BF4B-00C04F79EFBC}") = "BusinessObjects", "BusinessObjects\BusinessObjects.csproj", "{88C16BD3-C034-4032-89A4-E6D867070C90}"
EndProject
Project("{FAE04EC0-301F-11D3-BF4B-00C04F79EFBC}") = "DataAccessObjects", "DataAccessObjects\DataAccessObjects.csproj", "{B04679A8-D6B1-4725-B73A-562082E8C1A6}"
EndProject
Project("{FAE04EC0-301F-11D3-BF4B-00C04F79EFBC}") = "FUNewsManagementSystem", "FUNewsManagementSystem\FUNewsManagementSystem.csproj", "{E08F8DA9-493D-4707-AF4E-915916D82E91}"
EndProject
Project("{FAE04EC0-301F-11D3-BF4B-00C04F79EFBC}") = "Repositories", "Repositories\Repositories.csproj", "{2AC82551-7566-4447-A34D-66075247FDF1}"
EndProject
Project("{FAE04EC0-301F-11D3-BF4B-00C04F79EFBC}") = "Services", "Services\Services.csproj", "{A02F715A-5AFB-4F93-83A4-2EDE45E632A7}"
EndProject
Global
	GlobalSection(SolutionConfigurationPlatforms) = preSolution
		Debug|Any CPU = Debug|Any CPU
		Release|Any CPU = Release|Any CPU
	EndGlobalSection
	GlobalSection(ProjectConfigurationPlatforms) = postSolution
		{88C16BD3-C034-4032-89A4-E6D867070C90}.Debug|Any CPU.ActiveCfg = Debug|Any CPU
		{88C16BD3-C034-4032-89A4-E6D867070C90}.Debug|Any CPU.Build.0 = Debug|Any CPU
		{88C16BD3-C034-4032-89A4-E6D867070C90}.Release|Any CPU.ActiveCfg = Release|Any CPU
		{88C16BD3-C034-4032-89A4-E6D867070C90}.Release|Any CPU.Build.0 = Release|Any CPU
		{B04679A8-D6B1-4725-B73A-562082E8C1A6}.Debug|Any CPU.ActiveCfg = Debug|Any CPU
		{B04679A8-D6B1-4725-B73A-562082E8C1A6}.Debug|Any CPU.Build.0 = Debug|Any CPU
		{B04679A8-D6B1-4725-B73A-562082E8C1A6}.Release|Any CPU.ActiveCfg = Release|Any CPU
		{B04679A8-D6B1-4725-B73A-562082E8C1A6}.Release|Any CPU.Build.0 = Release|Any CPU
		{E08F8DA9-493D-4707-AF4E-915916D82E91}.Debug|Any CPU.ActiveCfg = Debug|Any CPU
		{E08F8DA9-493D-4707-AF4E-915916D82E91}.Debug|Any CPU.Build.0 = Debug|Any CPU
		{E08F8DA9-493D-4707-AF4E-915916D82E91}.Release|Any CPU.ActiveCfg = Release|Any CPU
		{E08F8DA9-493D-4707-AF4E-915916D82E91}.Release|Any CPU.Build.0 = Release|Any CPU
		{2AC82551-7566-4447-A34D-66075247FDF1}.Debug|Any CPU.ActiveCfg = Debug|Any CPU
		{2AC82551-7566-4447-A34D-66075247FDF1}.Debug|Any CPU.Build.0 = Debug|Any CPU
		{2AC82551-7566-4447-A34D-66075247FDF1}.Release|Any CPU.ActiveCfg = Release|Any CPU
		{2AC82551-7566-4447-A34D-66075247FDF1}.Release|Any CPU.Build.0 = Release|Any CPU
		{A02F715A-5AFB-4F93-83A4-2EDE45E632A7}.Debug|Any CPU.ActiveCfg = Debug|Any CPU
		{A02F715A-5AFB-4F93-83A4-2EDE45E632A7}.Debug|Any CPU.Build.0 = Debug|Any CPU
		{A02F715A-5AFB-4F93-83A4-2EDE45E632A7}.Release|Any CPU.ActiveCfg = Release|Any CPU
		{A02F715A-5AFB-4F93-83A4-2EDE45E632A7}.Release|Any CPU.Build.0 = Release|Any CPU
	EndGlobalSection
	GlobalSection(SolutionProperties) = preSolution
		HideSolutionNode = FALSE
	EndGlobalSection
	GlobalSection(ExtensibilityGlobals) = postSolution
		SolutionGuid = {18A953CD-3E7A-46A8-BCCE-691E7B8E3B30}
	EndGlobalSection
EndGlobal
